# THIS IS AN AUTOGENERATED FILE. DO NOT EDIT THIS FILE DIRECTLY.
# yarn lockfile v1


"@aws-crypto/crc32@5.2.0":
  version "5.2.0"
  resolved "https://registry.yarnpkg.com/@aws-crypto/crc32/-/crc32-5.2.0.tgz#cfcc22570949c98c6689cfcbd2d693d36cdae2e1"
  integrity sha512-nLbCWqQNgUiwwtFsen1AdzAtvuLRsQS8rYgMuxCrdKf9kOssamGLuPwyTY9wyYblNr9+1XM8v6zoDTPPSIeANg==
  dependencies:
    "@aws-crypto/util" "^5.2.0"
    "@aws-sdk/types" "^3.222.0"
    tslib "^2.6.2"

"@aws-crypto/crc32c@5.2.0":
  version "5.2.0"
  resolved "https://registry.yarnpkg.com/@aws-crypto/crc32c/-/crc32c-5.2.0.tgz#4e34aab7f419307821509a98b9b08e84e0c1917e"
  integrity sha512-+iWb8qaHLYKrNvGRbiYRHSdKRWhto5XlZUEBwDjYNf+ly5SVYG6zEoYIdxvf5R3zyeP16w4PLBn3rH1xc74Rag==
  dependencies:
    "@aws-crypto/util" "^5.2.0"
    "@aws-sdk/types" "^3.222.0"
    tslib "^2.6.2"

"@aws-crypto/sha1-browser@5.2.0":
  version "5.2.0"
  resolved "https://registry.yarnpkg.com/@aws-crypto/sha1-browser/-/sha1-browser-5.2.0.tgz#b0ee2d2821d3861f017e965ef3b4cb38e3b6a0f4"
  integrity sha512-OH6lveCFfcDjX4dbAvCFSYUjJZjDr/3XJ3xHtjn3Oj5b9RjojQo8npoLeA/bNwkOkrSQ0wgrHzXk4tDRxGKJeg==
  dependencies:
    "@aws-crypto/supports-web-crypto" "^5.2.0"
    "@aws-crypto/util" "^5.2.0"
    "@aws-sdk/types" "^3.222.0"
    "@aws-sdk/util-locate-window" "^3.0.0"
    "@smithy/util-utf8" "^2.0.0"
    tslib "^2.6.2"

"@aws-crypto/sha256-browser@5.2.0":
  version "5.2.0"
  resolved "https://registry.yarnpkg.com/@aws-crypto/sha256-browser/-/sha256-browser-5.2.0.tgz#153895ef1dba6f9fce38af550e0ef58988eb649e"
  integrity sha512-AXfN/lGotSQwu6HNcEsIASo7kWXZ5HYWvfOmSNKDsEqC4OashTp8alTmaz+F7TC2L083SFv5RdB+qU3Vs1kZqw==
  dependencies:
    "@aws-crypto/sha256-js" "^5.2.0"
    "@aws-crypto/supports-web-crypto" "^5.2.0"
    "@aws-crypto/util" "^5.2.0"
    "@aws-sdk/types" "^3.222.0"
    "@aws-sdk/util-locate-window" "^3.0.0"
    "@smithy/util-utf8" "^2.0.0"
    tslib "^2.6.2"

"@aws-crypto/sha256-js@5.2.0", "@aws-crypto/sha256-js@^5.2.0":
  version "5.2.0"
  resolved "https://registry.yarnpkg.com/@aws-crypto/sha256-js/-/sha256-js-5.2.0.tgz#c4fdb773fdbed9a664fc1a95724e206cf3860042"
  integrity sha512-FFQQyu7edu4ufvIZ+OadFpHHOt+eSTBaYaki44c+akjg7qZg9oOQeLlk77F6tSYqjDAFClrHJk9tMf0HdVyOvA==
  dependencies:
    "@aws-crypto/util" "^5.2.0"
    "@aws-sdk/types" "^3.222.0"
    tslib "^2.6.2"

"@aws-crypto/supports-web-crypto@^5.2.0":
  version "5.2.0"
  resolved "https://registry.yarnpkg.com/@aws-crypto/supports-web-crypto/-/supports-web-crypto-5.2.0.tgz#a1e399af29269be08e695109aa15da0a07b5b5fb"
  integrity sha512-iAvUotm021kM33eCdNfwIN//F77/IADDSs58i+MDaOqFrVjZo9bAal0NK7HurRuWLLpF1iLX7gbWrjHjeo+YFg==
  dependencies:
    tslib "^2.6.2"

"@aws-crypto/util@5.2.0", "@aws-crypto/util@^5.2.0":
  version "5.2.0"
  resolved "https://registry.yarnpkg.com/@aws-crypto/util/-/util-5.2.0.tgz#71284c9cffe7927ddadac793c14f14886d3876da"
  integrity sha512-4RkU9EsI6ZpBve5fseQlGNUWKMa1RLPQ1dnjnQoe07ldfIzcsGb5hC5W0Dm7u423KWzawlrpbjXBrXCEv9zazQ==
  dependencies:
    "@aws-sdk/types" "^3.222.0"
    "@smithy/util-utf8" "^2.0.0"
    tslib "^2.6.2"

"@aws-sdk/client-s3@^3.998.0":
  version "3.998.0"
  resolved "https://registry.yarnpkg.com/@aws-sdk/client-s3/-/client-s3-3.998.0.tgz#005ceb50d9dfb5ce6755d1f290d9c5b1367bba1e"
  integrity sha512-XkJ6GN+egutEHSa9+t4OngCRyyP6Zl+4FX+hN7rDqlLjPuK++NHdMVrRSaVq1/H1m0+Nif0Rtz1BiTYP/htmvg==
  dependencies:
    "@aws-crypto/sha1-browser" "5.2.0"
    "@aws-crypto/sha256-browser" "5.2.0"
    "@aws-crypto/sha256-js" "5.2.0"
    "@aws-sdk/core" "^3.973.14"
    "@aws-sdk/credential-provider-node" "^3.972.13"
    "@aws-sdk/middleware-bucket-endpoint" "^3.972.5"
    "@aws-sdk/middleware-expect-continue" "^3.972.5"
    "@aws-sdk/middleware-flexible-checksums" "^3.973.0"
    "@aws-sdk/middleware-host-header" "^3.972.5"
    "@aws-sdk/middleware-location-constraint" "^3.972.5"
    "@aws-sdk/middleware-logger" "^3.972.5"
    "@aws-sdk/middleware-recursion-detection" "^3.972.5"
    "@aws-sdk/middleware-sdk-s3" "^3.972.14"
    "@aws-sdk/middleware-ssec" "^3.972.5"
    "@aws-sdk/middleware-user-agent" "^3.972.14"
    "@aws-sdk/region-config-resolver" "^3.972.5"
    "@aws-sdk/signature-v4-multi-region" "^3.996.2"
    "@aws-sdk/types" "^3.973.3"
    "@aws-sdk/util-endpoints" "^3.996.2"
    "@aws-sdk/util-user-agent-browser" "^3.972.5"
    "@aws-sdk/util-user-agent-node" "^3.972.13"
    "@smithy/config-resolver" "^4.4.9"
    "@smithy/core" "^3.23.6"
    "@smithy/eventstream-serde-browser" "^4.2.10"
    "@smithy/eventstream-serde-config-resolver" "^4.3.10"
    "@smithy/eventstream-serde-node" "^4.2.10"
    "@smithy/fetch-http-handler" "^5.3.11"
    "@smithy/hash-blob-browser" "^4.2.11"
    "@smithy/hash-node" "^4.2.10"
    "@smithy/hash-stream-node" "^4.2.10"
    "@smithy/invalid-dependency" "^4.2.10"
    "@smithy/md5-js" "^4.2.10"
    "@smithy/middleware-content-length" "^4.2.10"
    "@smithy/middleware-endpoint" "^4.4.20"
    "@smithy/middleware-retry" "^4.4.37"
    "@smithy/middleware-serde" "^4.2.11"
    "@smithy/middleware-stack" "^4.2.10"
    "@smithy/node-config-provider" "^4.3.10"
    "@smithy/node-http-handler" "^4.4.12"
    "@smithy/protocol-http" "^5.3.10"
    "@smithy/smithy-client" "^4.12.0"
    "@smithy/types" "^4.13.0"
    "@smithy/url-parser" "^4.2.10"
    "@smithy/util-base64" "^4.3.1"
    "@smithy/util-body-length-browser" "^4.2.1"
    "@smithy/util-body-length-node" "^4.2.2"
    "@smithy/util-defaults-mode-browser" "^4.3.36"
    "@smithy/util-defaults-mode-node" "^4.2.39"
    "@smithy/util-endpoints" "^3.3.1"
    "@smithy/util-middleware" "^4.2.10"
    "@smithy/util-retry" "^4.2.10"
    "@smithy/util-stream" "^4.5.15"
    "@smithy/util-utf8" "^4.2.1"
    "@smithy/util-waiter" "^4.2.10"
    tslib "^2.6.2"

"@aws-sdk/core@^3.973.14":
  version "3.973.14"
  resolved "https://registry.yarnpkg.com/@aws-sdk/core/-/core-3.973.14.tgz#3e4cb91b2ae26c1b68938c711e7d5b63767c2f92"
  integrity sha512-iAQ1jIGESTVjoqNNY9VlsE9FnCz+Hc8s+dgurF6WrgFyVIw+uggH+V102RFhwjRv4dLSSLfzjDwvQnLszov7TQ==
  dependencies:
    "@aws-sdk/types" "^3.973.3"
    "@aws-sdk/xml-builder" "^3.972.7"
    "@smithy/core" "^3.23.6"
    "@smithy/node-config-provider" "^4.3.10"
    "@smithy/property-provider" "^4.2.10"
    "@smithy/protocol-http" "^5.3.10"
    "@smithy/signature-v4" "^5.3.10"
    "@smithy/smithy-client" "^4.12.0"
    "@smithy/types" "^4.13.0"
    "@smithy/util-base64" "^4.3.1"
    "@smithy/util-middleware" "^4.2.10"
    "@smithy/util-utf8" "^4.2.1"
    tslib "^2.6.2"

"@aws-sdk/crc64-nvme@^3.972.2":
  version "3.972.2"
  resolved "https://registry.yarnpkg.com/@aws-sdk/crc64-nvme/-/crc64-nvme-3.972.2.tgz#eef4fe5255c067da53dace7f5ea52fcfcf35eeb5"
  integrity sha512-mhTYqkvoC9pm8Lm7KWmH/BDXylzwOTnqqbix4mUG/AODazcigIKRYkzPc2bld6q4h9q1asQCiPC2S1Q6rvSjIQ==
  dependencies:
    "@smithy/types" "^4.13.0"
    tslib "^2.6.2"

"@aws-sdk/credential-provider-env@^3.972.12":
  version "3.972.12"
  resolved "https://registry.yarnpkg.com/@aws-sdk/credential-provider-env/-/credential-provider-env-3.972.12.tgz#611c0833046969ce324aa38105b8e184c5a29751"
  integrity sha512-WPtj/iAYHHd+NDM6AZoilZwUz0nMaPxbTPGLA7nhyIYRZN2L8trqfbNvm7g/Jr3gzfKp1LpO6AtBTnrhz9WW2g==
  dependencies:
    "@aws-sdk/core" "^3.973.14"
    "@aws-sdk/types" "^3.973.3"
    "@smithy/property-provider" "^4.2.10"
    "@smithy/types" "^4.13.0"
    tslib "^2.6.2"

"@aws-sdk/credential-provider-http@^3.972.14":
  version "3.972.14"
  resolved "https://registry.yarnpkg.com/@aws-sdk/credential-provider-http/-/credential-provider-http-3.972.14.tgz#d45a8167dfa88a7c37b3b3616efbf791bbb48dfd"
  integrity sha512-umtjCicH2o/Fcc8Fu1562UkDyt6gql4czTYVlUfHfAM8S4QEKggzmtHYYYpPfQcjFj1ajyy68ahYSuF67x4ptQ==
  dependencies:
    "@aws-sdk/core" "^3.973.14"
    "@aws-sdk/types" "^3.973.3"
    "@smithy/fetch-http-handler" "^5.3.11"
    "@smithy/node-http-handler" "^4.4.12"
    "@smithy/property-provider" "^4.2.10"
    "@smithy/protocol-http" "^5.3.10"
    "@smithy/smithy-client" "^4.12.0"
    "@smithy/types" "^4.13.0"
    "@smithy/util-stream" "^4.5.15"
    tslib "^2.6.2"

"@aws-sdk/credential-provider-ini@^3.972.12":
  version "3.972.12"
  resolved "https://registry.yarnpkg.com/@aws-sdk/credential-provider-ini/-/credential-provider-ini-3.972.12.tgz#dc588286d36f32e0f25bfb9f78de1023b39c50ff"
  integrity sha512-qjzgnMl6GIBbVeK74jBqSF07+s6kyeZl5R88qjMs302JlqkxE57jkvflDmZ9I017ffEWqIUa9/M4Hfp28qyu1g==
  dependencies:
    "@aws-sdk/core" "^3.973.14"
    "@aws-sdk/credential-provider-env" "^3.972.12"
    "@aws-sdk/credential-provider-http" "^3.972.14"
    "@aws-sdk/credential-provider-login" "^3.972.12"
    "@aws-sdk/credential-provider-process" "^3.972.12"
    "@aws-sdk/credential-provider-sso" "^3.972.12"
    "@aws-sdk/credential-provider-web-identity" "^3.972.12"
    "@aws-sdk/nested-clients" "^3.996.2"
    "@aws-sdk/types" "^3.973.3"
    "@smithy/credential-provider-imds" "^4.2.10"
    "@smithy/property-provider" "^4.2.10"
    "@smithy/shared-ini-file-loader" "^4.4.5"
    "@smithy/types" "^4.13.0"
    tslib "^2.6.2"

"@aws-sdk/credential-provider-login@^3.972.12":
  version "3.972.12"
  resolved "https://registry.yarnpkg.com/@aws-sdk/credential-provider-login/-/credential-provider-login-3.972.12.tgz#b2c31af185c84f80bc4c790073581834393711d2"
  integrity sha512-AO57y46PzG24bJzxWLk+FYJG6MzxvXoFXnOKnmKUGV43ub4/FS/4Rz7zCC6ThqUotgqEFd30l5LTAd65RP65pg==
  dependencies:
    "@aws-sdk/core" "^3.973.14"
    "@aws-sdk/nested-clients" "^3.996.2"
    "@aws-sdk/types" "^3.973.3"
    "@smithy/property-provider" "^4.2.10"
    "@smithy/protocol-http" "^5.3.10"
    "@smithy/shared-ini-file-loader" "^4.4.5"
    "@smithy/types" "^4.13.0"
    tslib "^2.6.2"

"@aws-sdk/credential-provider-node@^3.972.13":
  version "3.972.13"
  resolved "https://registry.yarnpkg.com/@aws-sdk/credential-provider-node/-/credential-provider-node-3.972.13.tgz#00078f6a92c0f722eb9698f857e0b2f140d9a9af"
  integrity sha512-ME2sgus+gFRtiudy5Xqj9iT/tj8lHOIGrFgktuO5skJU4EngOvTZ1Hpj8mknrW4FgWXmpWhc88NtEscUuuDpKw==
  dependencies:
    "@aws-sdk/credential-provider-env" "^3.972.12"
    "@aws-sdk/credential-provider-http" "^3.972.14"
    "@aws-sdk/credential-provider-ini" "^3.972.12"
    "@aws-sdk/credential-provider-process" "^3.972.12"
    "@aws-sdk/credential-provider-sso" "^3.972.12"
    "@aws-sdk/credential-provider-web-identity" "^3.972.12"
    "@aws-sdk/types" "^3.973.3"
    "@smithy/credential-provider-imds" "^4.2.10"
    "@smithy/property-provider" "^4.2.10"
    "@smithy/shared-ini-file-loader" "^4.4.5"
    "@smithy/types" "^4.13.0"
    tslib "^2.6.2"

"@aws-sdk/credential-provider-process@^3.972.12":
  version "3.972.12"
  resolved "https://registry.yarnpkg.com/@aws-sdk/credential-provider-process/-/credential-provider-process-3.972.12.tgz#36df84bea74192780fcd5c25bff4bbaad1e41537"
  integrity sha512-msxrHBpVP5AOIDohNPCINUtL47f7XI1TEru3N13uM3nWUMvIRA1vFa8Tlxbxm1EntPPvLAxRmvE5EbjDjOZkbw==
  dependencies:
    "@aws-sdk/core" "^3.973.14"
    "@aws-sdk/types" "^3.973.3"
    "@smithy/property-provider" "^4.2.10"
    "@smithy/shared-ini-file-loader" "^4.4.5"
    "@smithy/types" "^4.13.0"
    tslib "^2.6.2"

"@aws-sdk/credential-provider-sso@^3.972.12":
  version "3.972.12"
  resolved "https://registry.yarnpkg.com/@aws-sdk/credential-provider-sso/-/credential-provider-sso-3.972.12.tgz#0178cefe669534217956fe5a5bc9c6ef68558368"
  integrity sha512-D5iC5546hJyhobJN0szOT4KVeJQ8z/meZq2B3lEDZFcvHONKw+tzq36DAJUy3qLTueeB2geSxiHXngQlA11eoA==
  dependencies:
    "@aws-sdk/core" "^3.973.14"
    "@aws-sdk/nested-clients" "^3.996.2"
    "@aws-sdk/token-providers" "3.998.0"
    "@aws-sdk/types" "^3.973.3"
    "@smithy/property-provider" "^4.2.10"
    "@smithy/shared-ini-file-loader" "^4.4.5"
    "@smithy/types" "^4.13.0"
    tslib "^2.6.2"

"@aws-sdk/credential-provider-web-identity@^3.972.12":
  version "3.972.12"
  resolved "https://registry.yarnpkg.com/@aws-sdk/credential-provider-web-identity/-/credential-provider-web-identity-3.972.12.tgz#a73627e741a4ceec31e1ab1b829ed769d555811a"
  integrity sha512-yluBahBVsduoA/zgV0NAXtwwXvQ6tNn95dNA3Hg+vISdiPWA46QY0d9PLO2KpNbjtm+1oGcWxemS4fYTwJ0W1w==
  dependencies:
    "@aws-sdk/core" "^3.973.14"
    "@aws-sdk/nested-clients" "^3.996.2"
    "@aws-sdk/types" "^3.973.3"
    "@smithy/property-provider" "^4.2.10"
    "@smithy/shared-ini-file-loader" "^4.4.5"
    "@smithy/types" "^4.13.0"
    tslib "^2.6.2"

"@aws-sdk/middleware-bucket-endpoint@^3.972.5":
  version "3.972.5"
  resolved "https://registry.yarnpkg.com/@aws-sdk/middleware-bucket-endpoint/-/middleware-bucket-endpoint-3.972.5.tgz#516c967d6097d79e6e22ba1799e1c25deca38593"
  integrity sha512-4+PMX1vuPoALVhuyW7M2GkV9XrkUeuqhuXPs1IkGo2/5dFM8TxM7gnB/evSNVF/o6NXwnO4Sc+6UtGCDhI6RLg==
  dependencies:
    "@aws-sdk/types" "^3.973.3"
    "@aws-sdk/util-arn-parser" "^3.972.2"
    "@smithy/node-config-provider" "^4.3.10"
    "@smithy/protocol-http" "^5.3.10"
    "@smithy/types" "^4.13.0"
    "@smithy/util-config-provider" "^4.2.1"
    tslib "^2.6.2"

"@aws-sdk/middleware-expect-continue@^3.972.5":
  version "3.972.5"
  resolved "https://registry.yarnpkg.com/@aws-sdk/middleware-expect-continue/-/middleware-expect-continue-3.972.5.tgz#d3a41d61a3a78005bdad007205c61884c1e79d62"
  integrity sha512-8dM11mmRZ8ZrDdkBL5q7Rslhua/nASrUhis2BJuwz2hJ+QsyyuOtr2vvc83fM91YXq18oe26bZI9tboroSo4NA==
  dependencies:
    "@aws-sdk/types" "^3.973.3"
    "@smithy/protocol-http" "^5.3.10"
    "@smithy/types" "^4.13.0"
    tslib "^2.6.2"

"@aws-sdk/middleware-flexible-checksums@^3.973.0":
  version "3.973.0"
  resolved "https://registry.yarnpkg.com/@aws-sdk/middleware-flexible-checksums/-/middleware-flexible-checksums-3.973.0.tgz#452c3d26fbffb43433404b7c9b69dd36612bf834"
  integrity sha512-RAYonYq4Tk93fB+QlLlCEaB1nHSM4lTWq4KBJ7s5bh6y30uGaVTmFELSeWlfLVJipyJ/T1FBWmrYETMcNsESoQ==
  dependencies:
    "@aws-crypto/crc32" "5.2.0"
    "@aws-crypto/crc32c" "5.2.0"
    "@aws-crypto/util" "5.2.0"
    "@aws-sdk/core" "^3.973.14"
    "@aws-sdk/crc64-nvme" "^3.972.2"
    "@aws-sdk/types" "^3.973.3"
    "@smithy/is-array-buffer" "^4.2.1"
    "@smithy/node-config-provider" "^4.3.10"
    "@smithy/protocol-http" "^5.3.10"
    "@smithy/types" "^4.13.0"
    "@smithy/util-middleware" "^4.2.10"
    "@smithy/util-stream" "^4.5.15"
    "@smithy/util-utf8" "^4.2.1"
    tslib "^2.6.2"

"@aws-sdk/middleware-host-header@^3.972.5":
  version "3.972.5"
  resolved "https://registry.yarnpkg.com/@aws-sdk/middleware-host-header/-/middleware-host-header-3.972.5.tgz#76daf5fad4cc97e70a0c5d66b43c64ce1124053b"
  integrity sha512-dVA0m1cEQ2iA6yB19aHvWNeUVTuvTt3AXzT0aiIu2uxk0S7AcmwDCDaRgYa/v+eFHcJVxEnpYTozqA7X62xinw==
  dependencies:
    "@aws-sdk/types" "^3.973.3"
    "@smithy/protocol-http" "^5.3.10"
    "@smithy/types" "^4.13.0"
    tslib "^2.6.2"

"@aws-sdk/middleware-location-constraint@^3.972.5":
  version "3.972.5"
  resolved "https://registry.yarnpkg.com/@aws-sdk/middleware-location-constraint/-/middleware-location-constraint-3.972.5.tgz#d211de18853a9bec2c10700e4af631df5cbaaaaa"
  integrity sha512-BC8MQUaG78oEGOjDdyGBLQCbio/KNeeMcbN8GZumW6yowe5MHyt//FJr8sipA1/hLOZ++lfpGk9bdaSo7LUpOw==
  dependencies:
    "@aws-sdk/types" "^3.973.3"
    "@smithy/types" "^4.13.0"
    tslib "^2.6.2"

"@aws-sdk/middleware-logger@^3.972.5":
  version "3.972.5"
  resolved "https://registry.yarnpkg.com/@aws-sdk/middleware-logger/-/middleware-logger-3.972.5.tgz#f841d99a587bc15b0f74d205842340e3e3708331"
  integrity sha512-03RqplLZjUTkYi0dDPR/bbOLnDLFNdaVvNENgA3XK7Ph1MhEBhUYlgoGfOyRAKApDZ+WG4ykOoA8jI8J04jmFA==
  dependencies:
    "@aws-sdk/types" "^3.973.3"
    "@smithy/types" "^4.13.0"
    tslib "^2.6.2"

"@aws-sdk/middleware-recursion-detection@^3.972.5":
  version "3.972.5"
  resolved "https://registry.yarnpkg.com/@aws-sdk/middleware-recursion-detection/-/middleware-recursion-detection-3.972.5.tgz#20d3ecac739762a0716bebaecc8a1122efde82ee"
  integrity sha512-2QSuuVkpHTe84+mDdnFjHX8rAP3g0yYwLVAhS3lQN1rW5Z/zNsf8/pYQrLjLO4n4sPCsUAkTa0Vrod0lk+o1Tg==
  dependencies:
    "@aws-sdk/types" "^3.973.3"
    "@aws/lambda-invoke-store" "^0.2.2"
    "@smithy/protocol-http" "^5.3.10"
    "@smithy/types" "^4.13.0"
    tslib "^2.6.2"

"@aws-sdk/middleware-sdk-s3@^3.972.14":
  version "3.972.14"
  resolved "https://registry.yarnpkg.com/@aws-sdk/middleware-sdk-s3/-/middleware-sdk-s3-3.972.14.tgz#061613141ab10ef94398aaeb50cbfcecbc5ec618"
  integrity sha512-qnNWgL2WLZbWQmrr+yB23ivo/L7POJxxFlQxhfDGM/NQ4OfG7YORtqwLps0mOMI8pH22kVeoNu+PB8cgRXLoqQ==
  dependencies:
    "@aws-sdk/core" "^3.973.14"
    "@aws-sdk/types" "^3.973.3"
    "@aws-sdk/util-arn-parser" "^3.972.2"
    "@smithy/core" "^3.23.6"
    "@smithy/node-config-provider" "^4.3.10"
    "@smithy/protocol-http" "^5.3.10"
    "@smithy/signature-v4" "^5.3.10"
    "@smithy/smithy-client" "^4.12.0"
    "@smithy/types" "^4.13.0"
    "@smithy/util-config-provider" "^4.2.1"
    "@smithy/util-middleware" "^4.2.10"
    "@smithy/util-stream" "^4.5.15"
    "@smithy/util-utf8" "^4.2.1"
    tslib "^2.6.2"

"@aws-sdk/middleware-ssec@^3.972.5":
  version "3.972.5"
  resolved "https://registry.yarnpkg.com/@aws-sdk/middleware-ssec/-/middleware-ssec-3.972.5.tgz#e9b92c3cfbc2c58984852e8dec281a7c2e3d24a6"
  integrity sha512-AfQgwVjK071d1F75jX49CE5KJTlAWwMKqHJoGzf8nUD04iSHw+93rzKSGAFHu3v06k32algI6pF+ctqV/Fjc1A==
  dependencies:
    "@aws-sdk/types" "^3.973.3"
    "@smithy/types" "^4.13.0"
    tslib "^2.6.2"

"@aws-sdk/middleware-user-agent@^3.972.14":
  version "3.972.14"
  resolved "https://registry.yarnpkg.com/@aws-sdk/middleware-user-agent/-/middleware-user-agent-3.972.14.tgz#3e2ba1b2837c96777522195dcfd2d5233af38ded"
  integrity sha512-PzDz+yRAQuIzd+4ZY3s6/TYRzlNKAn4Gae3E5uLV7NnYHqrZHFoAfKE4beXcu3C51pA2/FQ3X2qOGSYqUoN1WQ==
  dependencies:
    "@aws-sdk/core" "^3.973.14"
    "@aws-sdk/types" "^3.973.3"
    "@aws-sdk/util-endpoints" "^3.996.2"
    "@smithy/core" "^3.23.6"
    "@smithy/protocol-http" "^5.3.10"
    "@smithy/types" "^4.13.0"
    tslib "^2.6.2"

"@aws-sdk/nested-clients@^3.996.2":
  version "3.996.2"
  resolved "https://registry.yarnpkg.com/@aws-sdk/nested-clients/-/nested-clients-3.996.2.tgz#43e94da6495f10042c6178ecc83adc9599144ef4"
  integrity sha512-W+u6EM8WRxOIhAhR2mXMHSaUygqItpTehkgxLwJngXqr9RlAR4t6CtECH7o7QK0ct3oyi5Z8ViDHtPbel+D2Rg==
  dependencies:
    "@aws-crypto/sha256-browser" "5.2.0"
    "@aws-crypto/sha256-js" "5.2.0"
    "@aws-sdk/core" "^3.973.14"
    "@aws-sdk/middleware-host-header" "^3.972.5"
    "@aws-sdk/middleware-logger" "^3.972.5"
    "@aws-sdk/middleware-recursion-detection" "^3.972.5"
    "@aws-sdk/middleware-user-agent" "^3.972.14"
    "@aws-sdk/region-config-resolver" "^3.972.5"
    "@aws-sdk/types" "^3.973.3"
    "@aws-sdk/util-endpoints" "^3.996.2"
    "@aws-sdk/util-user-agent-browser" "^3.972.5"
    "@aws-sdk/util-user-agent-node" "^3.972.13"
    "@smithy/config-resolver" "^4.4.9"
    "@smithy/core" "^3.23.6"
    "@smithy/fetch-http-handler" "^5.3.11"
    "@smithy/hash-node" "^4.2.10"
    "@smithy/invalid-dependency" "^4.2.10"
    "@smithy/middleware-content-length" "^4.2.10"
    "@smithy/middleware-endpoint" "^4.4.20"
    "@smithy/middleware-retry" "^4.4.37"
    "@smithy/middleware-serde" "^4.2.11"
    "@smithy/middleware-stack" "^4.2.10"
    "@smithy/node-config-provider" "^4.3.10"
    "@smithy/node-http-handler" "^4.4.12"
    "@smithy/protocol-http" "^5.3.10"
    "@smithy/smithy-client" "^4.12.0"
    "@smithy/types" "^4.13.0"
    "@smithy/url-parser" "^4.2.10"
    "@smithy/util-base64" "^4.3.1"
    "@smithy/util-body-length-browser" "^4.2.1"
    "@smithy/util-body-length-node" "^4.2.2"
    "@smithy/util-defaults-mode-browser" "^4.3.36"
    "@smithy/util-defaults-mode-node" "^4.2.39"
    "@smithy/util-endpoints" "^3.3.1"
    "@smithy/util-middleware" "^4.2.10"
    "@smithy/util-retry" "^4.2.10"
    "@smithy/util-utf8" "^4.2.1"
    tslib "^2.6.2"

"@aws-sdk/region-config-resolver@^3.972.5":
  version "3.972.5"
  resolved "https://registry.yarnpkg.com/@aws-sdk/region-config-resolver/-/region-config-resolver-3.972.5.tgz#31768d61ff235d43e564c5f2d12350347fd8986b"
  integrity sha512-AOitrygDwfTNCLCW7L+GScDy1p49FZ6WutTUFWROouoPetfVNmpL4q8TWD3MhfY/ynhoGhleUQENrBH374EU8w==
  dependencies:
    "@aws-sdk/types" "^3.973.3"
    "@smithy/config-resolver" "^4.4.9"
    "@smithy/node-config-provider" "^4.3.10"
    "@smithy/types" "^4.13.0"
    tslib "^2.6.2"

"@aws-sdk/signature-v4-multi-region@^3.996.2":
  version "3.996.2"
  resolved "https://registry.yarnpkg.com/@aws-sdk/signature-v4-multi-region/-/signature-v4-multi-region-3.996.2.tgz#9fadb6c5e22631e6348add2fabe165b2a0c8980c"
  integrity sha512-fUWHKtgeTfTEML5gi3yugy7caaoe7/8YdM/H0gQXuSDYNL3hORyGST5RyLnhfVDeNgypANLpIP6wzzIq74kEwQ==
  dependencies:
    "@aws-sdk/middleware-sdk-s3" "^3.972.14"
    "@aws-sdk/types" "^3.973.3"
    "@smithy/protocol-http" "^5.3.10"
    "@smithy/signature-v4" "^5.3.10"
    "@smithy/types" "^4.13.0"
    tslib "^2.6.2"

"@aws-sdk/token-providers@3.998.0":
  version "3.998.0"
  resolved "https://registry.yarnpkg.com/@aws-sdk/token-providers/-/token-providers-3.998.0.tgz#0fc933521d0687efb0b6c3ecb6542fd518589041"
  integrity sha512-JFzi44tQnENZQ+1DYcHfoa/wTRKkccz0VsNMow0rvsxZtqUEkeV2pYFbir35mHTyUKju9995ay1MAGxLt1dpRA==
  dependencies:
    "@aws-sdk/core" "^3.973.14"
    "@aws-sdk/nested-clients" "^3.996.2"
    "@aws-sdk/types" "^3.973.3"
    "@smithy/property-provider" "^4.2.10"
    "@smithy/shared-ini-file-loader" "^4.4.5"
    "@smithy/types" "^4.13.0"
    tslib "^2.6.2"

"@aws-sdk/types@^3.222.0":
  version "3.936.0"
  resolved "https://registry.yarnpkg.com/@aws-sdk/types/-/types-3.936.0.tgz#ecd3a4bec1a1bd4df834ab21fe52a76e332dc27a"
  integrity sha512-uz0/VlMd2pP5MepdrHizd+T+OKfyK4r3OA9JI+L/lPKg0YFQosdJNCKisr6o70E3dh8iMpFYxF1UN/4uZsyARg==
  dependencies:
    "@smithy/types" "^4.9.0"
    tslib "^2.6.2"

"@aws-sdk/types@^3.973.3":
  version "3.973.3"
  resolved "https://registry.yarnpkg.com/@aws-sdk/types/-/types-3.973.3.tgz#b35ebcdee0a926e7f04e4210c6f6ebea63d258c0"
  integrity sha512-tma6D8/xHZHJEUqmr6ksZjZ0onyIUqKDQLyp50ttZJmS0IwFYzxBgp5CxFvpYAnah52V3UtgrqGA6E83gtT7NQ==
  dependencies:
    "@smithy/types" "^4.13.0"
    tslib "^2.6.2"

"@aws-sdk/util-arn-parser@^3.972.2":
  version "3.972.2"
  resolved "https://registry.yarnpkg.com/@aws-sdk/util-arn-parser/-/util-arn-parser-3.972.2.tgz#ef18ba889e8ef35f083f1e962018bc0ce70acef3"
  integrity sha512-VkykWbqMjlSgBFDyrY3nOSqupMc6ivXuGmvci6Q3NnLq5kC+mKQe2QBZ4nrWRE/jqOxeFP2uYzLtwncYYcvQDg==
  dependencies:
    tslib "^2.6.2"

"@aws-sdk/util-endpoints@^3.996.2":
  version "3.996.2"
  resolved "https://registry.yarnpkg.com/@aws-sdk/util-endpoints/-/util-endpoints-3.996.2.tgz#087353768c08fc65504f5cad06fca81682b29a19"
  integrity sha512-83E6T1CKi0/IozPzqRBKqduW0mS4UQdI3soBH6CG7UgupTADWunqEMOTuPWCs9XGjpJJ4ujj+yu7pn8svhp5yg==
  dependencies:
    "@aws-sdk/types" "^3.973.3"
    "@smithy/types" "^4.13.0"
    "@smithy/url-parser" "^4.2.10"
    "@smithy/util-endpoints" "^3.3.1"
    tslib "^2.6.2"

"@aws-sdk/util-locate-window@^3.0.0":
  version "3.893.0"
  resolved "https://registry.yarnpkg.com/@aws-sdk/util-locate-window/-/util-locate-window-3.893.0.tgz#5df15f24e1edbe12ff1fe8906f823b51cd53bae8"
  integrity sha512-T89pFfgat6c8nMmpI8eKjBcDcgJq36+m9oiXbcUzeU55MP9ZuGgBomGjGnHaEyF36jenW9gmg3NfZDm0AO2XPg==
  dependencies:
    tslib "^2.6.2"

"@aws-sdk/util-user-agent-browser@^3.972.5":
  version "3.972.5"
  resolved "https://registry.yarnpkg.com/@aws-sdk/util-user-agent-browser/-/util-user-agent-browser-3.972.5.tgz#8c97f2e4b5d67904202be5c4cdcec44021824334"
  integrity sha512-2ja1WqtuBaEAMgVoHYuWx393DF6ULqdt3OozeO7BosqouYaoU47Adtp9vEF+GImSG/Q8A+dqfwDULTTdMkHGUQ==
  dependencies:
    "@aws-sdk/types" "^3.973.3"
    "@smithy/types" "^4.13.0"
    bowser "^2.11.0"
    tslib "^2.6.2"

"@aws-sdk/util-user-agent-node@^3.972.13":
  version "3.972.13"
  resolved "https://registry.yarnpkg.com/@aws-sdk/util-user-agent-node/-/util-user-agent-node-3.972.13.tgz#dee4f3bb523d1a2429643bb61b1ef0e264fac150"
  integrity sha512-PHErmuu+v6iAST48zcsB2cYwDKW45gk6qCp49t1p0NGZ4EaFPr/tA5jl0X/ekDwvWbuT0LTj++fjjdVQAbuh0Q==
  dependencies:
    "@aws-sdk/middleware-user-agent" "^3.972.14"
    "@aws-sdk/types" "^3.973.3"
    "@smithy/node-config-provider" "^4.3.10"
    "@smithy/types" "^4.13.0"
    tslib "^2.6.2"

"@aws-sdk/xml-builder@^3.972.7":
  version "3.972.7"
  resolved "https://registry.yarnpkg.com/@aws-sdk/xml-builder/-/xml-builder-3.972.7.tgz#4bb93bc4ebea62568936127ab590c0152386219c"
  integrity sha512-9GF86s6mHuc1TYCbuKatMDWl2PyK3KIkpRaI7ul2/gYZPfaLzKZ+ISHhxzVb9KVeakf75tUQe6CXW2gugSCXNw==
  dependencies:
    "@smithy/types" "^4.13.0"
    fast-xml-parser "5.3.6"
    tslib "^2.6.2"

"@aws/lambda-invoke-store@^0.2.2":
  version "0.2.2"
  resolved "https://registry.yarnpkg.com/@aws/lambda-invoke-store/-/lambda-invoke-store-0.2.2.tgz#b00f7d6aedfe832ef6c84488f3a422cce6a47efa"
  integrity sha512-C0NBLsIqzDIae8HFw9YIrIBsbc0xTiOtt7fAukGPnqQ/+zZNaq+4jhuccltK0QuWHBnNm/a6kLIRA6GFiM10eg==

"@prismicio/client@^7.0.0":
  version "7.21.6"
  resolved "https://registry.yarnpkg.com/@prismicio/client/-/client-7.21.6.tgz#04fabe495e7c382c2efa16a972d5fa3b3d294bc8"
  integrity sha512-dWp0qxldujorY0jR5pQOpW9gloFWOJfFxJPYqkDZqp4w59jIn8h0aiwOMFxh7AFZdLgINuM1BALQxnhPNSxgbA==
  dependencies:
    imgix-url-builder "^0.0.6"

"@smithy/abort-controller@^4.2.10":
  version "4.2.10"
  resolved "https://registry.yarnpkg.com/@smithy/abort-controller/-/abort-controller-4.2.10.tgz#bd688ed62cbd5c85cc933cd6c60c8ef05fb2e5ee"
  integrity sha512-qocxM/X4XGATqQtUkbE9SPUB6wekBi+FyJOMbPj0AhvyvFGYEmOlz6VB22iMePCQsFmMIvFSeViDvA7mZJG47g==
  dependencies:
    "@smithy/types" "^4.13.0"
    tslib "^2.6.2"

"@smithy/chunked-blob-reader-native@^4.2.2":
  version "4.2.2"
  resolved "https://registry.yarnpkg.com/@smithy/chunked-blob-reader-native/-/chunked-blob-reader-native-4.2.2.tgz#9fcc884dfd6a041b8f9aa1e0aa14b5bfb4e85f16"
  integrity sha512-QzzYIlf4yg0w5TQaC9VId3B3ugSk1MI/wb7tgcHtd7CBV9gNRKZrhc2EPSxSZuDy10zUZ0lomNMgkc6/VVe8xg==
  dependencies:
    "@smithy/util-base64" "^4.3.1"
    tslib "^2.6.2"

"@smithy/chunked-blob-reader@^5.2.1":
  version "5.2.1"
  resolved "https://registry.yarnpkg.com/@smithy/chunked-blob-reader/-/chunked-blob-reader-5.2.1.tgz#fda474588f3e86a918335791dd5e485e4b9ab19d"
  integrity sha512-y5d4xRiD6TzeP5BWlb+Ig/VFqF+t9oANNhGeMqyzU7obw7FYgTgVi50i5JqBTeKp+TABeDIeeXFZdz65RipNtA==
  dependencies:
    tslib "^2.6.2"

"@smithy/config-resolver@^4.4.9":
  version "4.4.9"
  resolved "https://registry.yarnpkg.com/@smithy/config-resolver/-/config-resolver-4.4.9.tgz#a7398dd507153859a09a64dda52f4cac9279a7af"
  integrity sha512-ejQvXqlcU30h7liR9fXtj7PIAau1t/sFbJpgWPfiYDs7zd16jpH0IsSXKcba2jF6ChTXvIjACs27kNMc5xxE2Q==
  dependencies:
    "@smithy/node-config-provider" "^4.3.10"
    "@smithy/types" "^4.13.0"
    "@smithy/util-config-provider" "^4.2.1"
    "@smithy/util-endpoints" "^3.3.1"
    "@smithy/util-middleware" "^4.2.10"
    tslib "^2.6.2"

"@smithy/core@^3.23.6":
  version "3.23.6"
  resolved "https://registry.yarnpkg.com/@smithy/core/-/core-3.23.6.tgz#90de5fe442a9f529bd893b20ba0d8a8373a99ad3"
  integrity sha512-4xE+0L2NrsFKpEVFlFELkIHQddBvMbQ41LRIP74dGCXnY1zQ9DgksrBcRBDJT+iOzGy4VEJIeU3hkUK5mn06kg==
  dependencies:
    "@smithy/middleware-serde" "^4.2.11"
    "@smithy/protocol-http" "^5.3.10"
    "@smithy/types" "^4.13.0"
    "@smithy/util-base64" "^4.3.1"
    "@smithy/util-body-length-browser" "^4.2.1"
    "@smithy/util-middleware" "^4.2.10"
    "@smithy/util-stream" "^4.5.15"
    "@smithy/util-utf8" "^4.2.1"
    "@smithy/uuid" "^1.1.1"
    tslib "^2.6.2"

"@smithy/credential-provider-imds@^4.2.10":
  version "4.2.10"
  resolved "https://registry.yarnpkg.com/@smithy/credential-provider-imds/-/credential-provider-imds-4.2.10.tgz#cae502b28257a110fc472a1531c19fbc4ba07037"
  integrity sha512-3bsMLJJLTZGZqVGGeBVFfLzuRulVsGTj12BzRKODTHqUABpIr0jMN1vN3+u6r2OfyhAQ2pXaMZWX/swBK5I6PQ==
  dependencies:
    "@smithy/node-config-provider" "^4.3.10"
    "@smithy/property-provider" "^4.2.10"
    "@smithy/types" "^4.13.0"
    "@smithy/url-parser" "^4.2.10"
    tslib "^2.6.2"

"@smithy/eventstream-codec@^4.2.10":
  version "4.2.10"
  resolved "https://registry.yarnpkg.com/@smithy/eventstream-codec/-/eventstream-codec-4.2.10.tgz#59dd8f5482248fcb7eb855ee26c4dde3f4e4e688"
  integrity sha512-A4ynrsFFfSXUHicfTcRehytppFBcY3HQxEGYiyGktPIOye3Ot7fxpiy4VR42WmtGI4Wfo6OXt/c1Ky1nUFxYYQ==
  dependencies:
    "@aws-crypto/crc32" "5.2.0"
    "@smithy/types" "^4.13.0"
    "@smithy/util-hex-encoding" "^4.2.1"
    tslib "^2.6.2"

"@smithy/eventstream-serde-browser@^4.2.10":
  version "4.2.10"
  resolved "https://registry.yarnpkg.com/@smithy/eventstream-serde-browser/-/eventstream-serde-browser-4.2.10.tgz#4e81f894b1e00527bd30bf37824d1196abe3c8ff"
  integrity sha512-0xupsu9yj9oDVuQ50YCTS9nuSYhGlrwqdaKQel9y2Fz7LU9fNErVlw9N0o4pm4qqvWEGbSTI4HKc6XJfB30MVw==
  dependencies:
    "@smithy/eventstream-serde-universal" "^4.2.10"
    "@smithy/types" "^4.13.0"
    tslib "^2.6.2"

"@smithy/eventstream-serde-config-resolver@^4.3.10":
  version "4.3.10"
  resolved "https://registry.yarnpkg.com/@smithy/eventstream-serde-config-resolver/-/eventstream-serde-config-resolver-4.3.10.tgz#e71d8614178a2111f0a7fae8a3b8a88859cfb684"
  integrity sha512-8kn6sinrduk0yaYHMJDsNuiFpXwQwibR7n/4CDUqn4UgaG+SeBHu5jHGFdU9BLFAM7Q4/gvr9RYxBHz9/jKrhA==
  dependencies:
    "@smithy/types" "^4.13.0"
    tslib "^2.6.2"

"@smithy/eventstream-serde-node@^4.2.10":
  version "4.2.10"
  resolved "https://registry.yarnpkg.com/@smithy/eventstream-serde-node/-/eventstream-serde-node-4.2.10.tgz#10164d84f20f915b435e9ff55ac381e01d1d0669"
  integrity sha512-uUrxPGgIffnYfvIOUmBM5i+USdEBRTdh7mLPttjphgtooxQ8CtdO1p6K5+Q4BBAZvKlvtJ9jWyrWpBJYzBKsyQ==
  dependencies:
    "@smithy/eventstream-serde-universal" "^4.2.10"
    "@smithy/types" "^4.13.0"
    tslib "^2.6.2"

"@smithy/eventstream-serde-universal@^4.2.10":
  version "4.2.10"
  resolved "https://registry.yarnpkg.com/@smithy/eventstream-serde-universal/-/eventstream-serde-universal-4.2.10.tgz#08ccc7a544289a3fe0b2b7f588dac56943ef3fa2"
  integrity sha512-aArqzOEvcs2dK+xQVCgLbpJQGfZihw8SD4ymhkwNTtwKbnrzdhJsFDKuMQnam2kF69WzgJYOU5eJlCx+CA32bw==
  dependencies:
    "@smithy/eventstream-codec" "^4.2.10"
    "@smithy/types" "^4.13.0"
    tslib "^2.6.2"

"@smithy/fetch-http-handler@^5.3.11":
  version "5.3.11"
  resolved "https://registry.yarnpkg.com/@smithy/fetch-http-handler/-/fetch-http-handler-5.3.11.tgz#2c2f65df2bdbf4989c13a6558e3d43855002ba5d"
  integrity sha512-wbTRjOxdFuyEg0CpumjZO0hkUl+fetJFqxNROepuLIoijQh51aMBmzFLfoQdwRjxsuuS2jizzIUTjPWgd8pd7g==
  dependencies:
    "@smithy/protocol-http" "^5.3.10"
    "@smithy/querystring-builder" "^4.2.10"
    "@smithy/types" "^4.13.0"
    "@smithy/util-base64" "^4.3.1"
    tslib "^2.6.2"

"@smithy/hash-blob-browser@^4.2.11":
  version "4.2.11"
  resolved "https://registry.yarnpkg.com/@smithy/hash-blob-browser/-/hash-blob-browser-4.2.11.tgz#9c2832ebaf98006365f3dacb683f3f110e47936b"
  integrity sha512-DrcAx3PM6AEbWZxsKl6CWAGnVwiz28Wp1ZhNu+Hi4uI/6C1PIZBIaPM2VoqBDAsOWbM6ZVzOEQMxFLLdmb4eBQ==
  dependencies:
    "@smithy/chunked-blob-reader" "^5.2.1"
    "@smithy/chunked-blob-reader-native" "^4.2.2"
    "@smithy/types" "^4.13.0"
    tslib "^2.6.2"

"@smithy/hash-node@^4.2.10":
  version "4.2.10"
  resolved "https://registry.yarnpkg.com/@smithy/hash-node/-/hash-node-4.2.10.tgz#5c23bd94e61a173a90d765815bbc287cf57409ce"
  integrity sha512-1VzIOI5CcsvMDvP3iv1vG/RfLJVVVc67dCRyLSB2Hn9SWCZrDO3zvcIzj3BfEtqRW5kcMg5KAeVf1K3dR6nD3w==
  dependencies:
    "@smithy/types" "^4.13.0"
    "@smithy/util-buffer-from" "^4.2.1"
    "@smithy/util-utf8" "^4.2.1"
    tslib "^2.6.2"

"@smithy/hash-stream-node@^4.2.10":
  version "4.2.10"
  resolved "https://registry.yarnpkg.com/@smithy/hash-stream-node/-/hash-stream-node-4.2.10.tgz#ee5f26ba61a54ba402a6f00a13c418d38005e088"
  integrity sha512-w78xsYrOlwXKwN5tv1GnKIRbHb1HygSpeZMP6xDxCPGf1U/xDHjCpJu64c5T35UKyEPwa0bPeIcvU69VY3khUA==
  dependencies:
    "@smithy/types" "^4.13.0"
    "@smithy/util-utf8" "^4.2.1"
    tslib "^2.6.2"

"@smithy/invalid-dependency@^4.2.10":
  version "4.2.10"
  resolved "https://registry.yarnpkg.com/@smithy/invalid-dependency/-/invalid-dependency-4.2.10.tgz#7efb88b292f14843279dd774acf8a7d322f5a371"
  integrity sha512-vy9KPNSFUU0ajFYk0sDZIYiUlAWGEAhRfehIr5ZkdFrRFTAuXEPUd41USuqHU6vvLX4r6Q9X7MKBco5+Il0Org==
  dependencies:
    "@smithy/types" "^4.13.0"
    tslib "^2.6.2"

"@smithy/is-array-buffer@^2.2.0":
  version "2.2.0"
  resolved "https://registry.yarnpkg.com/@smithy/is-array-buffer/-/is-array-buffer-2.2.0.tgz#f84f0d9f9a36601a9ca9381688bd1b726fd39111"
  integrity sha512-GGP3O9QFD24uGeAXYUjwSTXARoqpZykHadOmA8G5vfJPK0/DC67qa//0qvqrJzL1xc8WQWX7/yc7fwudjPHPhA==
  dependencies:
    tslib "^2.6.2"

"@smithy/is-array-buffer@^4.2.1":
  version "4.2.1"
  resolved "https://registry.yarnpkg.com/@smithy/is-array-buffer/-/is-array-buffer-4.2.1.tgz#10f71c410796cf108c65bb0204a98c15d0131af3"
  integrity sha512-Yfu664Qbf1B4IYIsYgKoABt010daZjkaCRvdU/sPnZG6TtHOB0md0RjNdLGzxe5UIdn9js4ftPICzmkRa9RJ4Q==
  dependencies:
    tslib "^2.6.2"

"@smithy/md5-js@^4.2.10":
  version "4.2.10"
  resolved "https://registry.yarnpkg.com/@smithy/md5-js/-/md5-js-4.2.10.tgz#2071980ff22802ca8398232075357c0d1b5b746a"
  integrity sha512-Op+Dh6dPLWTjWITChFayDllIaCXRofOed8ecpggTC5fkh8yXes0vAEX7gRUfjGK+TlyxoCAA05gHbZW/zB9JwQ==
  dependencies:
    "@smithy/types" "^4.13.0"
    "@smithy/util-utf8" "^4.2.1"
    tslib "^2.6.2"

"@smithy/middleware-content-length@^4.2.10":
  version "4.2.10"
  resolved "https://registry.yarnpkg.com/@smithy/middleware-content-length/-/middleware-content-length-4.2.10.tgz#969af8111299d2d32f6de9bac4ca8622616fb4a3"
  integrity sha512-TQZ9kX5c6XbjhaEBpvhSvMEZ0klBs1CFtOdPFwATZSbC9UeQfKHPLPN9Y+I6wZGMOavlYTOlHEPDrt42PMSH9w==
  dependencies:
    "@smithy/protocol-http" "^5.3.10"
    "@smithy/types" "^4.13.0"
    tslib "^2.6.2"

"@smithy/middleware-endpoint@^4.4.20":
  version "4.4.20"
  resolved "https://registry.yarnpkg.com/@smithy/middleware-endpoint/-/middleware-endpoint-4.4.20.tgz#dea33d0d391a4a8095ab16cf57c8c6dc482f5123"
  integrity sha512-9W6Np4ceBP3XCYAGLoMCmn8t2RRVzuD1ndWPLBbv7H9CrwM9Bprf6Up6BM9ZA/3alodg0b7Kf6ftBK9R1N04vw==
  dependencies:
    "@smithy/core" "^3.23.6"
    "@smithy/middleware-serde" "^4.2.11"
    "@smithy/node-config-provider" "^4.3.10"
    "@smithy/shared-ini-file-loader" "^4.4.5"
    "@smithy/types" "^4.13.0"
    "@smithy/url-parser" "^4.2.10"
    "@smithy/util-middleware" "^4.2.10"
    tslib "^2.6.2"

"@smithy/middleware-retry@^4.4.37":
  version "4.4.37"
  resolved "https://registry.yarnpkg.com/@smithy/middleware-retry/-/middleware-retry-4.4.37.tgz#bda495c2aa82c61d409e4dad374047b61511067a"
  integrity sha512-/1psZZllBBSQ7+qo5+hhLz7AEPGLx3Z0+e3ramMBEuPK2PfvLK4SrncDB9VegX5mBn+oP/UTDrM6IHrFjvX1ZA==
  dependencies:
    "@smithy/node-config-provider" "^4.3.10"
    "@smithy/protocol-http" "^5.3.10"
    "@smithy/service-error-classification" "^4.2.10"
    "@smithy/smithy-client" "^4.12.0"
    "@smithy/types" "^4.13.0"
    "@smithy/util-middleware" "^4.2.10"
    "@smithy/util-retry" "^4.2.10"
    "@smithy/uuid" "^1.1.1"
    tslib "^2.6.2"

"@smithy/middleware-serde@^4.2.11":
  version "4.2.11"
  resolved "https://registry.yarnpkg.com/@smithy/middleware-serde/-/middleware-serde-4.2.11.tgz#a60b5b62cf92888e6b3de22d956bdda29263ef45"
  integrity sha512-STQdONGPwbbC7cusL60s7vOa6He6A9w2jWhoapL0mgVjmR19pr26slV+yoSP76SIssMTX/95e5nOZ6UQv6jolg==
  dependencies:
    "@smithy/protocol-http" "^5.3.10"
    "@smithy/types" "^4.13.0"
    tslib "^2.6.2"

"@smithy/middleware-stack@^4.2.10":
  version "4.2.10"
  resolved "https://registry.yarnpkg.com/@smithy/middleware-stack/-/middleware-stack-4.2.10.tgz#411276f45b78ed4d7d5e3cb2c4136142f456c907"
  integrity sha512-pmts/WovNcE/tlyHa8z/groPeOtqtEpp61q3W0nW1nDJuMq/x+hWa/OVQBtgU0tBqupeXq0VBOLA4UZwE8I0YA==
  dependencies:
    "@smithy/types" "^4.13.0"
    tslib "^2.6.2"

"@smithy/node-config-provider@^4.3.10":
  version "4.3.10"
  resolved "https://registry.yarnpkg.com/@smithy/node-config-provider/-/node-config-provider-4.3.10.tgz#bd537206cc3b6d1905fbc174c95f35897d98819b"
  integrity sha512-UALRbJtVX34AdP2VECKVlnNgidLHA2A7YgcJzwSBg1hzmnO/bZBHl/LDQQyYifzUwp1UOODnl9JJ3KNawpUJ9w==
  dependencies:
    "@smithy/property-provider" "^4.2.10"
    "@smithy/shared-ini-file-loader" "^4.4.5"
    "@smithy/types" "^4.13.0"
    tslib "^2.6.2"

"@smithy/node-http-handler@^4.4.12":
  version "4.4.12"
  resolved "https://registry.yarnpkg.com/@smithy/node-http-handler/-/node-http-handler-4.4.12.tgz#6202ec0c41236fc7a8302b1e116aa5cd784c1a19"
  integrity sha512-zo1+WKJkR9x7ZtMeMDAAsq2PufwiLDmkhcjpWPRRkmeIuOm6nq1qjFICSZbnjBvD09ei8KMo26BWxsu2BUU+5w==
  dependencies:
    "@smithy/abort-controller" "^4.2.10"
    "@smithy/protocol-http" "^5.3.10"
    "@smithy/querystring-builder" "^4.2.10"
    "@smithy/types" "^4.13.0"
    tslib "^2.6.2"

"@smithy/property-provider@^4.2.10":
  version "4.2.10"
  resolved "https://registry.yarnpkg.com/@smithy/property-provider/-/property-provider-4.2.10.tgz#06dfc15f407d42b8514b363a83504e7008f12344"
  integrity sha512-5jm60P0CU7tom0eNrZ7YrkgBaoLFXzmqB0wVS+4uK8PPGmosSrLNf6rRd50UBvukztawZ7zyA8TxlrKpF5z9jw==
  dependencies:
    "@smithy/types" "^4.13.0"
    tslib "^2.6.2"

"@smithy/protocol-http@^5.3.10":
  version "5.3.10"
  resolved "https://registry.yarnpkg.com/@smithy/protocol-http/-/protocol-http-5.3.10.tgz#020a0fa6e47396ebceab01296b76990931a93d5a"
  integrity sha512-2NzVWpYY0tRdfeCJLsgrR89KE3NTWT2wGulhNUxYlRmtRmPwLQwKzhrfVaiNlA9ZpJvbW7cjTVChYKgnkqXj1A==
  dependencies:
    "@smithy/types" "^4.13.0"
    tslib "^2.6.2"

"@smithy/querystring-builder@^4.2.10":
  version "4.2.10"
  resolved "https://registry.yarnpkg.com/@smithy/querystring-builder/-/querystring-builder-4.2.10.tgz#05853f40c19c945784252b22dd6672ec0c2eab1f"
  integrity sha512-HeN7kEvuzO2DmAzLukE9UryiUvejD3tMp9a1D1NJETerIfKobBUCLfviP6QEk500166eD2IATaXM59qgUI+YDA==
  dependencies:
    "@smithy/types" "^4.13.0"
    "@smithy/util-uri-escape" "^4.2.1"
    tslib "^2.6.2"

"@smithy/querystring-parser@^4.2.10":
  version "4.2.10"
  resolved "https://registry.yarnpkg.com/@smithy/querystring-parser/-/querystring-parser-4.2.10.tgz#189755d4f99dccb5b48c2cd413aba6baf9e6b636"
  integrity sha512-4Mh18J26+ao1oX5wXJfWlTT+Q1OpDR8ssiC9PDOuEgVBGloqg18Fw7h5Ct8DyT9NBYwJgtJ2nLjKKFU6RP1G1Q==
  dependencies:
    "@smithy/types" "^4.13.0"
    tslib "^2.6.2"

"@smithy/service-error-classification@^4.2.10":
  version "4.2.10"
  resolved "https://registry.yarnpkg.com/@smithy/service-error-classification/-/service-error-classification-4.2.10.tgz#0d142eb71106e1be8a9df691f4bb4b19b7261502"
  integrity sha512-0R/+/Il5y8nB/By90o8hy/bWVYptbIfvoTYad0igYQO5RefhNCDmNzqxaMx7K1t/QWo0d6UynqpqN5cCQt1MCg==
  dependencies:
    "@smithy/types" "^4.13.0"

"@smithy/shared-ini-file-loader@^4.4.5":
  version "4.4.5"
  resolved "https://registry.yarnpkg.com/@smithy/shared-ini-file-loader/-/shared-ini-file-loader-4.4.5.tgz#84c29da4a1462e7b6ce21b00c49f8789ae804099"
  integrity sha512-pHgASxl50rrtOztgQCPmOXFjRW+mCd7ALr/3uXNzRrRoGV5G2+78GOsQ3HlQuBVHCh9o6xqMNvlIKZjWn4Euug==
  dependencies:
    "@smithy/types" "^4.13.0"
    tslib "^2.6.2"

"@smithy/signature-v4@^5.3.10":
  version "5.3.10"
  resolved "https://registry.yarnpkg.com/@smithy/signature-v4/-/signature-v4-5.3.10.tgz#9517defc0285b9d50f1c8ad17f6f90e72f8b5976"
  integrity sha512-Wab3wW8468WqTKIxI+aZe3JYO52/RYT/8sDOdzkUhjnLakLe9qoQqIcfih/qxcF4qWEFoWBszY0mj5uxffaVXA==
  dependencies:
    "@smithy/is-array-buffer" "^4.2.1"
    "@smithy/protocol-http" "^5.3.10"
    "@smithy/types" "^4.13.0"
    "@smithy/util-hex-encoding" "^4.2.1"
    "@smithy/util-middleware" "^4.2.10"
    "@smithy/util-uri-escape" "^4.2.1"
    "@smithy/util-utf8" "^4.2.1"
    tslib "^2.6.2"

"@smithy/smithy-client@^4.12.0":
  version "4.12.0"
  resolved "https://registry.yarnpkg.com/@smithy/smithy-client/-/smithy-client-4.12.0.tgz#71f01aeaa089867c31a3d6452349cf4fd4c4a9e5"
  integrity sha512-R8bQ9K3lCcXyZmBnQqUZJF4ChZmtWT5NLi6x5kgWx5D+/j0KorXcA0YcFg/X5TOgnTCy1tbKc6z2g2y4amFupQ==
  dependencies:
    "@smithy/core" "^3.23.6"
    "@smithy/middleware-endpoint" "^4.4.20"
    "@smithy/middleware-stack" "^4.2.10"
    "@smithy/protocol-http" "^5.3.10"
    "@smithy/types" "^4.13.0"
    "@smithy/util-stream" "^4.5.15"
    tslib "^2.6.2"

"@smithy/types@^4.13.0":
  version "4.13.0"
  resolved "https://registry.yarnpkg.com/@smithy/types/-/types-4.13.0.tgz#9787297a07ee72ef74d4f7d93c744d10ed664c21"
  integrity sha512-COuLsZILbbQsdrwKQpkkpyep7lCsByxwj7m0Mg5v66/ZTyenlfBc40/QFQ5chO0YN/PNEH1Bi3fGtfXPnYNeDw==
  dependencies:
    tslib "^2.6.2"

"@smithy/types@^4.9.0":
  version "4.9.0"
  resolved "https://registry.yarnpkg.com/@smithy/types/-/types-4.9.0.tgz#c6636ddfa142e1ddcb6e4cf5f3e1a628d420486f"
  integrity sha512-MvUbdnXDTwykR8cB1WZvNNwqoWVaTRA0RLlLmf/cIFNMM2cKWz01X4Ly6SMC4Kks30r8tT3Cty0jmeWfiuyHTA==
  dependencies:
    tslib "^2.6.2"

"@smithy/url-parser@^4.2.10":
  version "4.2.10"
  resolved "https://registry.yarnpkg.com/@smithy/url-parser/-/url-parser-4.2.10.tgz#9c123e4acd5074cc2f4626fc629762d9dbefca18"
  integrity sha512-uypjF7fCDsRk26u3qHmFI/ePL7bxxB9vKkE+2WKEciHhz+4QtbzWiHRVNRJwU3cKhrYDYQE3b0MRFtqfLYdA4A==
  dependencies:
    "@smithy/querystring-parser" "^4.2.10"
    "@smithy/types" "^4.13.0"
    tslib "^2.6.2"

"@smithy/util-base64@^4.3.1":
  version "4.3.1"
  resolved "https://registry.yarnpkg.com/@smithy/util-base64/-/util-base64-4.3.1.tgz#d7acc9fd3e84d1cb6c7a09866f2157457f0005c3"
  integrity sha512-BKGuawX4Doq/bI/uEmg+Zyc36rJKWuin3py89PquXBIBqmbnJwBBsmKhdHfNEp0+A4TDgLmT/3MSKZ1SxHcR6w==
  dependencies:
    "@smithy/util-buffer-from" "^4.2.1"
    "@smithy/util-utf8" "^4.2.1"
    tslib "^2.6.2"

"@smithy/util-body-length-browser@^4.2.1":
  version "4.2.1"
  resolved "https://registry.yarnpkg.com/@smithy/util-body-length-browser/-/util-body-length-browser-4.2.1.tgz#2a2763c0df831e6071cdc38636c66fdc1cbbdd7e"
  integrity sha512-SiJeLiozrAoCrgDBUgsVbmqHmMgg/2bA15AzcbcW+zan7SuyAVHN4xTSbq0GlebAIwlcaX32xacnrG488/J/6g==
  dependencies:
    tslib "^2.6.2"

"@smithy/util-body-length-node@^4.2.2":
  version "4.2.2"
  resolved "https://registry.yarnpkg.com/@smithy/util-body-length-node/-/util-body-length-node-4.2.2.tgz#8d7a8fa83770a35312e71e711819c9e0f1a384c2"
  integrity sha512-4rHqBvxtJEBvsZcFQSPQqXP2b/yy/YlB66KlcEgcH2WNoOKCKB03DSLzXmOsXjbl8dJ4OEYTn31knhdznwk7zw==
  dependencies:
    tslib "^2.6.2"

"@smithy/util-buffer-from@^2.2.0":
  version "2.2.0"
  resolved "https://registry.yarnpkg.com/@smithy/util-buffer-from/-/util-buffer-from-2.2.0.tgz#6fc88585165ec73f8681d426d96de5d402021e4b"
  integrity sha512-IJdWBbTcMQ6DA0gdNhh/BwrLkDR+ADW5Kr1aZmd4k3DIF6ezMV4R2NIAmT08wQJ3yUK82thHWmC/TnK/wpMMIA==
  dependencies:
    "@smithy/is-array-buffer" "^2.2.0"
    tslib "^2.6.2"

"@smithy/util-buffer-from@^4.2.1":
  version "4.2.1"
  resolved "https://registry.yarnpkg.com/@smithy/util-buffer-from/-/util-buffer-from-4.2.1.tgz#50342cde6b29a169abdf392c954472a8ec0f3755"
  integrity sha512-/swhmt1qTiVkaejlmMPPDgZhEaWb/HWMGRBheaxwuVkusp/z+ErJyQxO6kaXumOciZSWlmq6Z5mNylCd33X7Ig==
  dependencies:
    "@smithy/is-array-buffer" "^4.2.1"
    tslib "^2.6.2"

"@smithy/util-config-provider@^4.2.1":
  version "4.2.1"
  resolved "https://registry.yarnpkg.com/@smithy/util-config-provider/-/util-config-provider-4.2.1.tgz#1e1fe89f31f0039e3b6f8820606842410c5e1509"
  integrity sha512-462id/00U8JWFw6qBuTSWfN5TxOHvDu4WliI97qOIOnuC/g+NDAknTU8eoGXEPlLkRVgWEr03jJBLV4o2FL8+A==
  dependencies:
    tslib "^2.6.2"

"@smithy/util-defaults-mode-browser@^4.3.36":
  version "4.3.36"
  resolved "https://registry.yarnpkg.com/@smithy/util-defaults-mode-browser/-/util-defaults-mode-browser-4.3.36.tgz#a5c9f4943a62de4edeead9e52df85e255e82dfd4"
  integrity sha512-R0smq7EHQXRVMxkAxtH5akJ/FvgAmNF6bUy/GwY/N20T4GrwjT633NFm0VuRpC+8Bbv8R9A0DoJ9OiZL/M3xew==
  dependencies:
    "@smithy/property-provider" "^4.2.10"
    "@smithy/smithy-client" "^4.12.0"
    "@smithy/types" "^4.13.0"
    tslib "^2.6.2"

"@smithy/util-defaults-mode-node@^4.2.39":
  version "4.2.39"
  resolved "https://registry.yarnpkg.com/@smithy/util-defaults-mode-node/-/util-defaults-mode-node-4.2.39.tgz#40c73cddd46c66c49674ee3780cbc1b77dd08f6e"
  integrity sha512-otWuoDm35btJV1L8MyHrPl462B07QCdMTktKc7/yM+Psv6KbED/ziXiHnmr7yPHUjfIwE9S8Max0LO24Mo3ZVg==
  dependencies:
    "@smithy/config-resolver" "^4.4.9"
    "@smithy/credential-provider-imds" "^4.2.10"
    "@smithy/node-config-provider" "^4.3.10"
    "@smithy/property-provider" "^4.2.10"
    "@smithy/smithy-client" "^4.12.0"
    "@smithy/types" "^4.13.0"
    tslib "^2.6.2"

"@smithy/util-endpoints@^3.3.1":
  version "3.3.1"
  resolved "https://registry.yarnpkg.com/@smithy/util-endpoints/-/util-endpoints-3.3.1.tgz#eeaa1e010c29bdacdd6833e5ef163f868d0f11f6"
  integrity sha512-xyctc4klmjmieQiF9I1wssBWleRV0RhJ2DpO8+8yzi2LO1Z+4IWOZNGZGNj4+hq9kdo+nyfrRLmQTzc16Op2Vg==
  dependencies:
    "@smithy/node-config-provider" "^4.3.10"
    "@smithy/types" "^4.13.0"
    tslib "^2.6.2"

"@smithy/util-hex-encoding@^4.2.1":
  version "4.2.1"
  resolved "https://registry.yarnpkg.com/@smithy/util-hex-encoding/-/util-hex-encoding-4.2.1.tgz#cec87c87492c9bac6b70bb749d3948938d40b81b"
  integrity sha512-c1hHtkgAWmE35/50gmdKajgGAKV3ePJ7t6UtEmpfCWJmQE9BQAQPz0URUVI89eSkcDqCtzqllxzG28IQoZPvwA==
  dependencies:
    tslib "^2.6.2"

"@smithy/util-middleware@^4.2.10":
  version "4.2.10"
  resolved "https://registry.yarnpkg.com/@smithy/util-middleware/-/util-middleware-4.2.10.tgz#41ba94329f010ab34c325ad747480565ade43ad9"
  integrity sha512-LxaQIWLp4y0r72eA8mwPNQ9va4h5KeLM0I3M/HV9klmFaY2kN766wf5vsTzmaOpNNb7GgXAd9a25P3h8T49PSA==
  dependencies:
    "@smithy/types" "^4.13.0"
    tslib "^2.6.2"

"@smithy/util-retry@^4.2.10":
  version "4.2.10"
  resolved "https://registry.yarnpkg.com/@smithy/util-retry/-/util-retry-4.2.10.tgz#8c9f16520238cdc109eb6fba7d8752e5f28ceb5b"
  integrity sha512-HrBzistfpyE5uqTwiyLsFHscgnwB0kgv8vySp7q5kZ0Eltn/tjosaSGGDj/jJ9ys7pWzIP/icE2d+7vMKXLv7A==
  dependencies:
    "@smithy/service-error-classification" "^4.2.10"
    "@smithy/types" "^4.13.0"
    tslib "^2.6.2"

"@smithy/util-stream@^4.5.15":
  version "4.5.15"
  resolved "https://registry.yarnpkg.com/@smithy/util-stream/-/util-stream-4.5.15.tgz#2a8fa6a519d985fe4e7f1d5724142e14be9c68a3"
  integrity sha512-OlOKnaqnkU9X+6wEkd7mN+WB7orPbCVDauXOj22Q7VtiTkvy7ZdSsOg4QiNAZMgI4OkvNf+/VLUC3VXkxuWJZw==
  dependencies:
    "@smithy/fetch-http-handler" "^5.3.11"
    "@smithy/node-http-handler" "^4.4.12"
    "@smithy/types" "^4.13.0"
    "@smithy/util-base64" "^4.3.1"
    "@smithy/util-buffer-from" "^4.2.1"
    "@smithy/util-hex-encoding" "^4.2.1"
    "@smithy/util-utf8" "^4.2.1"
    tslib "^2.6.2"

"@smithy/util-uri-escape@^4.2.1":
  version "4.2.1"
  resolved "https://registry.yarnpkg.com/@smithy/util-uri-escape/-/util-uri-escape-4.2.1.tgz#93327b2f4327cce46d590d095f79482afdea421d"
  integrity sha512-YmiUDn2eo2IOiWYYvGQkgX5ZkBSiTQu4FlDo5jNPpAxng2t6Sjb6WutnZV9l6VR4eJul1ABmCrnWBC9hKHQa6Q==
  dependencies:
    tslib "^2.6.2"

"@smithy/util-utf8@^2.0.0":
  version "2.3.0"
  resolved "https://registry.yarnpkg.com/@smithy/util-utf8/-/util-utf8-2.3.0.tgz#dd96d7640363259924a214313c3cf16e7dd329c5"
  integrity sha512-R8Rdn8Hy72KKcebgLiv8jQcQkXoLMOGGv5uI1/k0l+snqkOzQ1R0ChUBCxWMlBsFMekWjq0wRudIweFs7sKT5A==
  dependencies:
    "@smithy/util-buffer-from" "^2.2.0"
    tslib "^2.6.2"

"@smithy/util-utf8@^4.2.1":
  version "4.2.1"
  resolved "https://registry.yarnpkg.com/@smithy/util-utf8/-/util-utf8-4.2.1.tgz#ef71fdae30b82ba1b94b005ee42c8e6e6315a52c"
  integrity sha512-DSIwNaWtmzrNQHv8g7DBGR9mulSit65KSj5ymGEIAknmIN8IpbZefEep10LaMG/P/xquwbmJ1h9ectz8z6mV6g==
  dependencies:
    "@smithy/util-buffer-from" "^4.2.1"
    tslib "^2.6.2"

"@smithy/util-waiter@^4.2.10":
  version "4.2.10"
  resolved "https://registry.yarnpkg.com/@smithy/util-waiter/-/util-waiter-4.2.10.tgz#8144eca7212651fc878b3358dc233a68d91d7282"
  integrity sha512-4eTWph/Lkg1wZEDAyObwme0kmhEb7J/JjibY2znJdrYRgKbKqB7YoEhhJVJ4R1g/SYih4zuwX7LpJaM8RsnTVg==
  dependencies:
    "@smithy/abort-controller" "^4.2.10"
    "@smithy/types" "^4.13.0"
    tslib "^2.6.2"

"@smithy/uuid@^1.1.1":
  version "1.1.1"
  resolved "https://registry.yarnpkg.com/@smithy/uuid/-/uuid-1.1.1.tgz#cafae26b6a7642752b5d4368e33c5363fe818cf2"
  integrity sha512-dSfDCeihDmZlV2oyr0yWPTUfh07suS+R5OB+FZGiv/hHyK3hrFBW5rR1UYjfa57vBsrP9lciFkRPzebaV1Qujw==
  dependencies:
    tslib "^2.6.2"

bowser@^2.11.0:
  version "2.13.1"
  resolved "https://registry.yarnpkg.com/bowser/-/bowser-2.13.1.tgz#5a4c652de1d002f847dd011819f5fc729f308a7e"
  integrity sha512-OHawaAbjwx6rqICCKgSG0SAnT05bzd7ppyKLVUITZpANBaaMFBAsaNkto3LoQ31tyFP5kNujE8Cdx85G9VzOkw==

dotenv@^16.0.0:
  version "16.6.1"
  resolved "https://registry.yarnpkg.com/dotenv/-/dotenv-16.6.1.tgz#773f0e69527a8315c7285d5ee73c4459d20a8020"
  integrity sha512-uBq4egWHTcTt33a72vpSG0z3HnPuIl6NqYcTrKEg2azoEyl2hpW0zqlxysq2pK9HlDIHyHyakeYaYnSAwd8bow==

fast-xml-parser@5.3.6:
  version "5.3.6"
  resolved "https://registry.yarnpkg.com/fast-xml-parser/-/fast-xml-parser-5.3.6.tgz#85a69117ca156b1b3c52e426495b6de266cb6a4b"
  integrity sha512-QNI3sAvSvaOiaMl8FYU4trnEzCwiRr8XMWgAHzlrWpTSj+QaCSvOf1h82OEP1s4hiAXhnbXSyFWCf4ldZzZRVA==
  dependencies:
    strnum "^2.1.2"

imgix-url-builder@^0.0.6:
  version "0.0.6"
  resolved "https://registry.yarnpkg.com/imgix-url-builder/-/imgix-url-builder-0.0.6.tgz#5bed6f1a0969f6f3ad91fa876f1c7c39071a0823"
  integrity sha512-lFVbvaE9vMck8qz9j+y6o7vsyc1vZhdqzWu+Wp/nlnOCi9zAErc31QMkZKYUGMNLLzxOO4YIBAUPndTPah8HFg==

strnum@^2.1.2:
  version "2.1.2"
  resolved "https://registry.yarnpkg.com/strnum/-/strnum-2.1.2.tgz#a5e00ba66ab25f9cafa3726b567ce7a49170937a"
  integrity sha512-l63NF9y/cLROq/yqKXSLtcMeeyOfnSQlfMSlzFt/K73oIaD8DGaQWd7Z34X9GPiKqP5rbSh84Hl4bOlLcjiSrQ==

tslib@^2.6.2:
  version "2.8.1"
  resolved "https://registry.yarnpkg.com/tslib/-/tslib-2.8.1.tgz#612efe4ed235d567e8aba5f2a5fab70280ade83f"
  integrity sha512-oJFu94HQb+KVduSUQL7wnpmqnfmLsOA/nAh6b6EH0wCEoK0/mPeXU6c3wKDV83MkOuHPRHtSXKKU99IBazS/2w==
